
Microsoft Visual Studio Solution File, Format Version 12.00
# Visual Studio Version 17
VisualStudioVersion = 17.10.35122.118
MinimumVisualStudioVersion = 10.0.40219.1
Project("{FAE04EC0-301F-11D3-BF4B-00C04F79EFBC}") = "EstruturaDeDados", "EstruturaDeDados\EstruturaDeDados.csproj", "{F93988C9-8636-4A67-8018-1D6D84E221CC}"
EndProject
Global
	GlobalSection(SolutionConfigurationPlatforms) = preSolution
		Debug|Any CPU = Debug|Any CPU
		Release|Any CPU = Release|Any CPU
	EndGlobalSection
	GlobalSection(ProjectConfigurationPlatforms) = postSolution
		{F93988C9-8636-4A67-8018-1D6D84E221CC}.Debug|Any CPU.ActiveCfg = Debug|Any CPU
		{F93988C9-8636-4A67-8018-1D6D84E221CC}.Debug|Any CPU.Build.0 = Debug|Any CPU
		{F93988C9-8636-4A67-8018-1D6D84E221CC}.Release|Any CPU.ActiveCfg = Release|Any CPU
		{F93988C9-8636-4A67-8018-1D6D84E221CC}.Release|Any CPU.Build.0 = Release|Any CPU
	EndGlobalSection
	GlobalSection(SolutionProperties) = preSolution
		HideSolutionNode = FALSE
	EndGlobalSection
	GlobalSection(ExtensibilityGlobals) = postSolution
		SolutionGuid = {C537596B-5890-463B-B827-C5B96C18B74D}
	EndGlobalSection
EndGlobal
